
Microsoft Visual Studio Solution File, Format Version 12.00
# Visual Studio Version 17
VisualStudioVersion = 17.2.32630.192
MinimumVisualStudioVersion = 10.0.40219.1
Project("{FAE04EC0-301F-11D3-BF4B-00C04F79EFBC}") = "ExemplosGrids", "ExemplosGrids\ExemplosGrids.csproj", "{F03C43A5-7C29-46BD-B9C3-597EB4A58C9C}"
EndProject
Global
	GlobalSection(SolutionConfigurationPlatforms) = preSolution
		Debug|Any CPU = Debug|Any CPU
		Release|Any CPU = Release|Any CPU
	EndGlobalSection
	GlobalSection(ProjectConfigurationPlatforms) = postSolution
		{F03C43A5-7C29-46BD-B9C3-597EB4A58C9C}.Debug|Any CPU.ActiveCfg = Debug|Any CPU
		{F03C43A5-7C29-46BD-B9C3-597EB4A58C9C}.Debug|Any CPU.Build.0 = Debug|Any CPU
		{F03C43A5-7C29-46BD-B9C3-597EB4A58C9C}.Release|Any CPU.ActiveCfg = Release|Any CPU
		{F03C43A5-7C29-46BD-B9C3-597EB4A58C9C}.Release|Any CPU.Build.0 = Release|Any CPU
	EndGlobalSection
	GlobalSection(SolutionProperties) = preSolution
		HideSolutionNode = FALSE
	EndGlobalSection
	GlobalSection(ExtensibilityGlobals) = postSolution
		SolutionGuid = {C8B2307D-ADC1-4EC6-9979-63F1EAC557E9}
	EndGlobalSection
EndGlobal
