
Microsoft Visual Studio Solution File, Format Version 12.00
# Visual Studio Version 17
VisualStudioVersion = 17.5.33424.131
MinimumVisualStudioVersion = 10.0.40219.1
Project("{FAE04EC0-301F-11D3-BF4B-00C04F79EFBC}") = "AppCalculadoraDiversa", "AppCalculadoraDiversa\AppCalculadoraDiversa.csproj", "{C143FD67-BF0B-45C0-875D-EEB814BF7B5B}"
EndProject
Global
	GlobalSection(SolutionConfigurationPlatforms) = preSolution
		Debug|Any CPU = Debug|Any CPU
		Release|Any CPU = Release|Any CPU
	EndGlobalSection
	GlobalSection(ProjectConfigurationPlatforms) = postSolution
		{C143FD67-BF0B-45C0-875D-EEB814BF7B5B}.Debug|Any CPU.ActiveCfg = Debug|Any CPU
		{C143FD67-BF0B-45C0-875D-EEB814BF7B5B}.Debug|Any CPU.Build.0 = Debug|Any CPU
		{C143FD67-BF0B-45C0-875D-EEB814BF7B5B}.Release|Any CPU.ActiveCfg = Release|Any CPU
		{C143FD67-BF0B-45C0-875D-EEB814BF7B5B}.Release|Any CPU.Build.0 = Release|Any CPU
	EndGlobalSection
	GlobalSection(SolutionProperties) = preSolution
		HideSolutionNode = FALSE
	EndGlobalSection
	GlobalSection(ExtensibilityGlobals) = postSolution
		SolutionGuid = {A285D071-3B5B-4332-8544-111965BBC307}
	EndGlobalSection
EndGlobal
