
Microsoft Visual Studio Solution File, Format Version 12.00
# Visual Studio Version 17
VisualStudioVersion = 17.5.33414.496
MinimumVisualStudioVersion = 10.0.40219.1
Project("{FAE04EC0-301F-11D3-BF4B-00C04F79EFBC}") = "Atividade", "Atividade\Atividade.csproj", "{A33F7D15-8AC6-4778-97DE-A10AD3F6F8C6}"
EndProject
Global
	GlobalSection(SolutionConfigurationPlatforms) = preSolution
		Debug|Any CPU = Debug|Any CPU
		Release|Any CPU = Release|Any CPU
	EndGlobalSection
	GlobalSection(ProjectConfigurationPlatforms) = postSolution
		{A33F7D15-8AC6-4778-97DE-A10AD3F6F8C6}.Debug|Any CPU.ActiveCfg = Debug|Any CPU
		{A33F7D15-8AC6-4778-97DE-A10AD3F6F8C6}.Debug|Any CPU.Build.0 = Debug|Any CPU
		{A33F7D15-8AC6-4778-97DE-A10AD3F6F8C6}.Release|Any CPU.ActiveCfg = Release|Any CPU
		{A33F7D15-8AC6-4778-97DE-A10AD3F6F8C6}.Release|Any CPU.Build.0 = Release|Any CPU
	EndGlobalSection
	GlobalSection(SolutionProperties) = preSolution
		HideSolutionNode = FALSE
	EndGlobalSection
	GlobalSection(ExtensibilityGlobals) = postSolution
		SolutionGuid = {1A42961D-1E81-422A-890B-CBC18E31FF47}
	EndGlobalSection
EndGlobal
